github.com/csmith/config v1.1.0 h1:QghWJPKFqCPKI4fFy76ouUSOsBnkDfgwNtALoD0BpCQ=
github.com/csmith/config v1.1.0/go.mod h1:zANRVj4vESRCBxFM2pGv2XefMnQjJOGrABDp9sNi718=
github.com/ergochat/irc-go v0.0.0-20210809141720-dd73c4f86237 h1:gIP6tQYZ2cwTQvV/hqXwwFPdpUF0iq+WUs5kbShGA2A=
github.com/ergochat/irc-go v0.0.0-20210809141720-dd73c4f86237/go.mod h1:2vi7KNpIPWnReB5hmLpl92eMywQvuIeIIGdt/FQCph0=
github.com/gorilla/websocket v1.4.2 h1:+/TMaTYc4QFitKJxsQ7Yye35DkWvkdLcvGKqM+x0Ufc=
github.com/gorilla/websocket v1.4.2/go.mod h1:YR8l580nyteQvAITg2hZ9XVh4b55+EU/adAjf1fMHhE=
github.com/kouhin/envflag v0.0.0-20150818174321-0e9a86061649 h1:l95EUBxc0iMtMeam3pHFb9jko9ntaLYe2Nc+2evKElM=
github.com/kouhin/envflag v0.0.0-20150818174321-0e9a86061649/go.mod h1:BT0PpXv8Y4EL/WUsQmYsQ2FSB9HwQXIuvY+pElZVdFg=
github.com/webview/webview v0.0.0-20210330151455-f540d88dde4e h1:z780M7mCrdt6KiICeW9SGirvQjxDlrVU+n99FO93nbI=
github.com/webview/webview v0.0.0-20210330151455-f540d88dde4e/go.mod h1:rpXAuuHgyEJb6kXcXldlkOjU6y4x+YcASKKXJNUhh0Y=
gopkg.in/check.v1 v0.0.0-20161208181325-20d25e280405 h1:yhCVgyC4o1eVCa2tZl7eS0r+SDo693bJlVdllGtEeKM=
gopkg.in/check.v1 v0.0.0-20161208181325-20d25e280405/go.mod h1:Co6ibVJAznAaIkqp8huTwlJQCZ016jof/cbN4VW5Yz0=
gopkg.in/yaml.v2 v2.4.0 h1:D8xgwECY7CYvx+Y2n4sBz93Jn9JRvxdiyyo8CTfuKaY=
gopkg.in/yaml.v2 v2.4.0/go.mod h1:RDklbk79AGWmwhnvt/jBztapEOGDOx6ZbXqjP6csGnQ=
